// !$*UTF8*$!
{
	archiveVersion = 1;
	classes = {
	};
	objectVersion = 56;
	objects = {

/* Begin PBXBuildFile section */
		B8C9E2122A0CDCAE0096F45D /* TaskManagerApp.swift in Sources */ = {isa = PBXBuildFile; fileRef = B8C9E2112A0CDCAE0096F45D /* TaskManagerApp.swift */; };
		B8C9E2142A0CDCAE0096F45D /* ContentView.swift in Sources */ = {isa = PBXBuildFile; fileRef = B8C9E2132A0CDCAE0096F45D /* ContentView.swift */; };
		B8C9E2162A0CDCB00096F45D /* Assets.xcassets in Resources */ = {isa = PBXBuildFile; fileRef = B8C9E2152A0CDCB00096F45D /* Assets.xcassets */; };
		B8C9E2192A0CDCB00096F45D /* Preview Assets.xcassets in Resources */ = {isa = PBXBuildFile; fileRef = B8C9E2182A0CDCB00096F45D /* Preview Assets.xcassets */; };
		B8C9E2232A0CDCB00096F45D /* TaskManagerTests.swift in Sources */ = {isa = PBXBuildFile; fileRef = B8C9E2222A0CDCB00096F45D /* TaskManagerTests.swift */; };
		B8C9E22D2A0CDCB00096F45D /* TaskManagerUITests.swift in Sources */ = {isa = PBXBuildFile; fileRef = B8C9E22C2A0CDCB00096F45D /* TaskManagerUITests.swift */; };
		B8C9E22F2A0CDCB00096F45D /* TaskManagerUITestsLaunchTests.swift in Sources */ = {isa = PBXBuildFile; fileRef = B8C9E22E2A0CDCB00096F45D /* TaskManagerUITestsLaunchTests.swift */; };
		B8C9E23C2A0E15880096F45D /* Task.swift in Sources */ = {isa = PBXBuildFile; fileRef = B8C9E23B2A0E15880096F45D /* Task.swift */; };
		B8C9E23E2A0E162F0096F45D /* TaskViewModel.swift in Sources */ = {isa = PBXBuildFile; fileRef = B8C9E23D2A0E162F0096F45D /* TaskViewModel.swift */; };
		B8C9E2402A0E17410096F45D /* TaskRow.swift in Sources */ = {isa = PBXBuildFile; fileRef = B8C9E23F2A0E17410096F45D /* TaskRow.swift */; };
/* End PBXBuildFile section */

/* Begin PBXContainerItemProxy section */
		B8C9E21F2A0CDCB00096F45D /* PBXContainerItemProxy */ = {
			isa = PBXContainerItemProxy;
			containerPortal = B8C9E2062A0CDCAE0096F45D /* Project object */;
			proxyType = 1;
			remoteGlobalIDString = B8C9E20D2A0CDCAE0096F45D;
			remoteInfo = TaskManager;
		};
		B8C9E2292A0CDCB00096F45D /* PBXContainerItemProxy */ = {
			isa = PBXContainerItemProxy;
			containerPortal = B8C9E2062A0CDCAE0096F45D /* Project object */;
			proxyType = 1;
			remoteGlobalIDString = B8C9E20D2A0CDCAE0096F45D;
			remoteInfo = TaskManager;
		};
/* End PBXContainerItemProxy section */

/* Begin PBXFileReference section */
		B8C9E20E2A0CDCAE0096F45D /* TaskManager.app */ = {isa = PBXFileReference; explicitFileType = wrapper.application; includeInIndex = 0; path = TaskManager.app; sourceTree = BUILT_PRODUCTS_DIR; };
		B8C9E2112A0CDCAE0096F45D /* TaskManagerApp.swift */ = {isa = PBXFileReference; lastKnownFileType = sourcecode.swift; path = TaskManagerApp.swift; sourceTree = "<group>"; };
		B8C9E2132A0CDCAE0096F45D /* ContentView.swift */ = {isa = PBXFileReference; lastKnownFileType = sourcecode.swift; path = ContentView.swift; sourceTree = "<group>"; };
		B8C9E2152A0CDCB00096F45D /* Assets.xcassets */ = {isa = PBXFileReference; lastKnownFileType = folder.assetcatalog; path = Assets.xcassets; sourceTree = "<group>"; };
		B8C9E2182A0CDCB00096F45D /* Preview Assets.xcassets */ = {isa = PBXFileReference; lastKnownFileType = folder.assetcatalog; path = "Preview Assets.xcassets"; sourceTree = "<group>"; };
		B8C9E21E2A0CDCB00096F45D /* TaskManagerTests.xctest */ = {isa = PBXFileReference; explicitFileType = wrapper.cfbundle; includeInIndex = 0; path = TaskManagerTests.xctest; sourceTree = BUILT_PRODUCTS_DIR; };
		B8C9E2222A0CDCB00096F45D /* TaskManagerTests.swift */ = {isa = PBXFileReference; lastKnownFileType = sourcecode.swift; path = TaskManagerTests.swift; sourceTree = "<group>"; };
		B8C9E2282A0CDCB00096F45D /* TaskManagerUITests.xctest */ = {isa = PBXFileReference; explicitFileType = wrapper.cfbundle; includeInIndex = 0; path = TaskManagerUITests.xctest; sourceTree = BUILT_PRODUCTS_DIR; };
		B8C9E22C2A0CDCB00096F45D /* TaskManagerUITests.swift */ = {isa = PBXFileReference; lastKnownFileType = sourcecode.swift; path = TaskManagerUITests.swift; sourceTree = "<group>"; };
		B8C9E22E2A0CDCB00096F45D /* TaskManagerUITestsLaunchTests.swift */ = {isa = PBXFileReference; lastKnownFileType = sourcecode.swift; path = TaskManagerUITestsLaunchTests.swift; sourceTree = "<group>"; };
		B8C9E23B2A0E15880096F45D /* Task.swift */ = {isa = PBXFileReference; lastKnownFileType = sourcecode.swift; path = Task.swift; sourceTree = "<group>"; };
		B8C9E23D2A0E162F0096F45D /* TaskViewModel.swift */ = {isa = PBXFileReference; lastKnownFileType = sourcecode.swift; path = TaskViewModel.swift; sourceTree = "<group>"; };
		B8C9E23F2A0E17410096F45D /* TaskRow.swift */ = {isa = PBXFileReference; lastKnownFileType = sourcecode.swift; path = TaskRow.swift; sourceTree = "<group>"; };
/* End PBXFileReference section */

/* Begin PBXFrameworksBuildPhase section */
		B8C9E20B2A0CDCAE0096F45D /* Frameworks */ = {
			isa = PBXFrameworksBuildPhase;
			buildActionMask = 2147483647;
			files = (
			);
			runOnlyForDeploymentPostprocessing = 0;
		};
		B8C9E21B2A0CDCB00096F45D /* Frameworks */ = {
			isa = PBXFrameworksBuildPhase;
			buildActionMask = 2147483647;
			files = (
			);
			runOnlyForDeploymentPostprocessing = 0;
		};
		B8C9E2252A0CDCB00096F45D /* Frameworks */ = {
			isa = PBXFrameworksBuildPhase;
			buildActionMask = 2147483647;
			files = (
			);
			runOnlyForDeploymentPostprocessing = 0;
		};
/* End PBXFrameworksBuildPhase section */

/* Begin PBXGroup section */
		B8C9E2052A0CDCAE0096F45D = {
			isa = PBXGroup;
			children = (
				B8C9E2102A0CDCAE0096F45D /* TaskManager */,
				B8C9E2212A0CDCB00096F45D /* TaskManagerTests */,
				B8C9E22B2A0CDCB00096F45D /* TaskManagerUITests */,
				B8C9E20F2A0CDCAE0096F45D /* Products */,
			);
			sourceTree = "<group>";
		};
		B8C9E20F2A0CDCAE0096F45D /* Products */ = {
			isa = PBXGroup;
			children = (
				B8C9E20E2A0CDCAE0096F45D /* TaskManager.app */,
				B8C9E21E2A0CDCB00096F45D /* TaskManagerTests.xctest */,
				B8C9E2282A0CDCB00096F45D /* TaskManagerUITests.xctest */,
			);
			name = Products;
			sourceTree = "<group>";
		};
		B8C9E2102A0CDCAE0096F45D /* TaskManager */ = {
			isa = PBXGroup;
			children = (
				B8C9E2112A0CDCAE0096F45D /* TaskManagerApp.swift */,
				B8C9E2132A0CDCAE0096F45D /* ContentView.swift */,
				B8C9E2152A0CDCB00096F45D /* Assets.xcassets */,
				B8C9E2172A0CDCB00096F45D /* Preview Content */,
				B8C9E23B2A0E15880096F45D /* Task.swift */,
				B8C9E23D2A0E162F0096F45D /* TaskViewModel.swift */,
				B8C9E23F2A0E17410096F45D /* TaskRow.swift */,
			);
			path = TaskManager;
			sourceTree = "<group>";
		};
		B8C9E2172A0CDCB00096F45D /* Preview Content */ = {
			isa = PBXGroup;
			children = (
				B8C9E2182A0CDCB00096F45D /* Preview Assets.xcassets */,
			);
			path = "Preview Content";
			sourceTree = "<group>";
		};
		B8C9E2212A0CDCB00096F45D /* TaskManagerTests */ = {
			isa = PBXGroup;
			children = (
				B8C9E2222A0CDCB00096F45D /* TaskManagerTests.swift */,
			);
			path = TaskManagerTests;
			sourceTree = "<group>";
		};
		B8C9E22B2A0CDCB00096F45D /* TaskManagerUITests */ = {
			isa = PBXGroup;
			children = (
				B8C9E22C2A0CDCB00096F45D /* TaskManagerUITests.swift */,
				B8C9E22E2A0CDCB00096F45D /* TaskManagerUITestsLaunchTests.swift */,
			);
			path = TaskManagerUITests;
			sourceTree = "<group>";
		};
/* End PBXGroup section */

/* Begin PBXNativeTarget section */
		B8C9E20D2A0CDCAE0096F45D /* TaskManager */ = {
			isa = PBXNativeTarget;
			buildConfigurationList = B8C9E2322A0CDCB00096F45D /* Build configuration list for PBXNativeTarget "TaskManager" */;
			buildPhases = (
				B8C9E20A2A0CDCAE0096F45D /* Sources */,
				B8C9E20B2A0CDCAE0096F45D /* Frameworks */,
				B8C9E20C2A0CDCAE0096F45D /* Resources */,
			);
			buildRules = (
			);
			dependencies = (
			);
			name = TaskManager;
			productName = TaskManager;
			productReference = B8C9E20E2A0CDCAE0096F45D /* TaskManager.app */;
			productType = "com.apple.product-type.application";
		};
		B8C9E21D2A0CDCB00096F45D /* TaskManagerTests */ = {
			isa = PBXNativeTarget;
			buildConfigurationList = B8C9E2352A0CDCB00096F45D /* Build configuration list for PBXNativeTarget "TaskManagerTests" */;
			buildPhases = (
				B8C9E21A2A0CDCB00096F45D /* Sources */,
				B8C9E21B2A0CDCB00096F45D /* Frameworks */,
				B8C9E21C2A0CDCB00096F45D /* Resources */,
			);
			buildRules = (
			);
			dependencies = (
				B8C9E2202A0CDCB00096F45D /* PBXTargetDependency */,
			);
			name = TaskManagerTests;
			productName = TaskManagerTests;
			productReference = B8C9E21E2A0CDCB00096F45D /* TaskManagerTests.xctest */;
			productType = "com.apple.product-type.bundle.unit-test";
		};
		B8C9E2272A0CDCB00096F45D /* TaskManagerUITests */ = {
			isa = PBXNativeTarget;
			buildConfigurationList = B8C9E2382A0CDCB00096F45D /* Build configuration list for PBXNativeTarget "TaskManagerUITests" */;
			buildPhases = (
				B8C9E2242A0CDCB00096F45D /* Sources */,
				B8C9E2252A0CDCB00096F45D /* Frameworks */,
				B8C9E2262A0CDCB00096F45D /* Resources */,
			);
			buildRules = (
			);
			dependencies = (
				B8C9E22A2A0CDCB00096F45D /* PBXTargetDependency */,
			);
			name = TaskManagerUITests;
			productName = TaskManagerUITests;
			productReference = B8C9E2282A0CDCB00096F45D /* TaskManagerUITests.xctest */;
			productType = "com.apple.product-type.bundle.ui-testing";
		};
/* End PBXNativeTarget section */

/* Begin PBXProject section */
		B8C9E2062A0CDCAE0096F45D /* Project object */ = {
			isa = PBXProject;
			attributes = {
				BuildIndependentTargetsInParallel = 1;
				LastSwiftUpdateCheck = 1430;
				LastUpgradeCheck = 1430;
				TargetAttributes = {
					B8C9E20D2A0CDCAE0096F45D = {
						CreatedOnToolsVersion = 14.3;
					};
					B8C9E21D2A0CDCB00096F45D = {
						CreatedOnToolsVersion = 14.3;
						TestTargetID = B8C9E20D2A0CDCAE0096F45D;
					};
					B8C9E2272A0CDCB00096F45D = {
						CreatedOnToolsVersion = 14.3;
						TestTargetID = B8C9E20D2A0CDCAE0096F45D;
					};
				};
			};
			buildConfigurationList = B8C9E2092A0CDCAE0096F45D /* Build configuration list for PBXProject "TaskManager" */;
			compatibilityVersion = "Xcode 14.0";
			developmentRegion = en;
			hasScannedForEncodings = 0;
			knownRegions = (
				en,
				Base,
			);
			mainGroup = B8C9E2052A0CDCAE0096F45D;
			productRefGroup = B8C9E20F2A0CDCAE0096F45D /* Products */;
			projectDirPath = "";
			projectRoot = "";
			targets = (
				B8C9E20D2A0CDCAE0096F45D /* TaskManager */,
				B8C9E21D2A0CDCB00096F45D /* TaskManagerTests */,
				B8C9E2272A0CDCB00096F45D /* TaskManagerUITests */,
			);
		};
/* End PBXProject section */

/* Begin PBXResourcesBuildPhase section */
		B8C9E20C2A0CDCAE0096F45D /* Resources */ = {
			isa = PBXResourcesBuildPhase;
			buildActionMask = 2147483647;
			files = (
				B8C9E2192A0CDCB00096F45D /* Preview Assets.xcassets in Resources */,
				B8C9E2162A0CDCB00096F45D /* Assets.xcassets in Resources */,
			);
			runOnlyForDeploymentPostprocessing = 0;
		};
		B8C9E21C2A0CDCB00096F45D /* Resources */ = {
			isa = PBXResourcesBuildPhase;
			buildActionMask = 2147483647;
			files = (
			);
			runOnlyForDeploymentPostprocessing = 0;
		};
		B8C9E2262A0CDCB00096F45D /* Resources */ = {
			isa = PBXResourcesBuildPhase;
			buildActionMask = 2147483647;
			files = (
			);
			runOnlyForDeploymentPostprocessing = 0;
		};
/* End PBXResourcesBuildPhase section */

/* Begin PBXSourcesBuildPhase section */
		B8C9E20A2A0CDCAE0096F45D /* Sources */ = {
			isa = PBXSourcesBuildPhase;
			buildActionMask = 2147483647;
			files = (
				B8C9E2402A0E17410096F45D /* TaskRow.swift in Sources */,
				B8C9E2142A0CDCAE0096F45D /* ContentView.swift in Sources */,
				B8C9E23E2A0E162F0096F45D /* TaskViewModel.swift in Sources */,
				B8C9E23C2A0E15880096F45D /* Task.swift in Sources */,
				B8C9E2122A0CDCAE0096F45D /* TaskManagerApp.swift in Sources */,
			);
			runOnlyForDeploymentPostprocessing = 0;
		};
		B8C9E21A2A0CDCB00096F45D /* Sources */ = {
			isa = PBXSourcesBuildPhase;
			buildActionMask = 2147483647;
			files = (
				B8C9E2232A0CDCB00096F45D /* TaskManagerTests.swift in Sources */,
			);
			runOnlyForDeploymentPostprocessing = 0;
		};
		B8C9E2242A0CDCB00096F45D /* Sources */ = {
			isa = PBXSourcesBuildPhase;
			buildActionMask = 2147483647;
			files = (
				B8C9E22D2A0CDCB00096F45D /* TaskManagerUITests.swift in Sources */,
				B8C9E22F2A0CDCB00096F45D /* TaskManagerUITestsLaunchTests.swift in Sources */,
			);
			runOnlyForDeploymentPostprocessing = 0;
		};
/* End PBXSourcesBuildPhase section */

/* Begin PBXTargetDependency section */
		B8C9E2202A0CDCB00096F45D /* PBXTargetDependency */ = {
			isa = PBXTargetDependency;
			target = B8C9E20D2A0CDCAE0096F45D /* TaskManager */;
			targetProxy = B8C9E21F2A0CDCB00096F45D /* PBXContainerItemProxy */;
		};
		B8C9E22A2A0CDCB00096F45D /* PBXTargetDependency */ = {
			isa = PBXTargetDependency;
			target = B8C9E20D2A0CDCAE0096F45D /* TaskManager */;
			targetProxy = B8C9E2292A0CDCB00096F45D /* PBXContainerItemProxy */;
		};
/* End PBXTargetDependency section */

/* Begin XCBuildConfiguration section */
		B8C9E2302A0CDCB00096F45D /* Debug */ = {
			isa = XCBuildConfiguration;
			buildSettings = {
				ALWAYS_SEARCH_USER_PATHS = NO;
				CLANG_ANALYZER_NONNULL = YES;
				CLANG_ANALYZER_NUMBER_OBJECT_CONVERSION = YES_AGGRESSIVE;
				CLANG_CXX_LANGUAGE_STANDARD = "gnu++20";
				CLANG_ENABLE_MODULES = YES;
				CLANG_ENABLE_OBJC_ARC = YES;
				CLANG_ENABLE_OBJC_WEAK = YES;
				CLANG_WARN_BLOCK_CAPTURE_AUTORELEASING = YES;
				CLANG_WARN_BOOL_CONVERSION = YES;
				CLANG_WARN_COMMA = YES;
				CLANG_WARN_CONSTANT_CONVERSION = YES;
				CLANG_WARN_DEPRECATED_OBJC_IMPLEMENTATIONS = YES;
				CLANG_WARN_DIRECT_OBJC_ISA_USAGE = YES_ERROR;
				CLANG_WARN_DOCUMENTATION_COMMENTS = YES;
				CLANG_WARN_EMPTY_BODY = YES;
				CLANG_WARN_ENUM_CONVERSION = YES;
				CLANG_WARN_INFINITE_RECURSION = YES;
				CLANG_WARN_INT_CONVERSION = YES;
				CLANG_WARN_NON_LITERAL_NULL_CONVERSION = YES;
				CLANG_WARN_OBJC_IMPLICIT_RETAIN_SELF = YES;
				CLANG_WARN_OBJC_LITERAL_CONVERSION = YES;
				CLANG_WARN_OBJC_ROOT_CLASS = YES_ERROR;
				CLANG_WARN_QUOTED_INCLUDE_IN_FRAMEWORK_HEADER = YES;
				CLANG_WARN_RANGE_LOOP_ANALYSIS = YES;
				CLANG_WARN_STRICT_PROTOTYPES = YES;
				CLANG_WARN_SUSPICIOUS_MOVE = YES;
				CLANG_WARN_UNGUARDED_AVAILABILITY = YES_AGGRESSIVE;
				CLANG_WARN_UNREACHABLE_CODE = YES;
				CLANG_WARN__DUPLICATE_METHOD_MATCH = YES;
				COPY_PHASE_STRIP = NO;
				DEBUG_INFORMATION_FORMAT = dwarf;
				ENABLE_STRICT_OBJC_MSGSEND = YES;
				ENABLE_TESTABILITY = YES;
				GCC_C_LANGUAGE_STANDARD = gnu11;
				GCC_DYNAMIC_NO_PIC = NO;
				GCC_NO_COMMON_BLOCKS = YES;
				GCC_OPTIMIZATION_LEVEL = 0;
				GCC_PREPROCESSOR_DEFINITIONS = (
					"DEBUG=1",
					"$(inherited)",
				);
				GCC_WARN_64_TO_32_BIT_CONVERSION = YES;
				GCC_WARN_ABOUT_RETURN_TYPE = YES_ERROR;
				GCC_WARN_UNDECLARED_SELECTOR = YES;
				GCC_WARN_UNINITIALIZED_AUTOS = YES_AGGRESSIVE;
				GCC_WARN_UNUSED_FUNCTION = YES;
				GCC_WARN_UNUSED_VARIABLE = YES;
				IPHONEOS_DEPLOYMENT_TARGET = 16.4;
				MTL_ENABLE_DEBUG_INFO = INCLUDE_SOURCE;
				MTL_FAST_MATH = YES;
				ONLY_ACTIVE_ARCH = YES;
				SDKROOT = iphoneos;
				SWIFT_ACTIVE_COMPILATION_CONDITIONS = DEBUG;
				SWIFT_OPTIMIZATION_LEVEL = "-Onone";
			};
			name = Debug;
		};
		B8C9E2312A0CDCB00096F45D /* Release */ = {
			isa = XCBuildConfiguration;
			buildSettings = {
				ALWAYS_SEARCH_USER_PATHS = NO;
				CLANG_ANALYZER_NONNULL = YES;
				CLANG_ANALYZER_NUMBER_OBJECT_CONVERSION = YES_AGGRESSIVE;
				CLANG_CXX_LANGUAGE_STANDARD = "gnu++20";
				CLANG_ENABLE_MODULES = YES;
				CLANG_ENABLE_OBJC_ARC = YES;
				CLANG_ENABLE_OBJC_WEAK = YES;
				CLANG_WARN_BLOCK_CAPTURE_AUTORELEASING = YES;
				CLANG_WARN_BOOL_CONVERSION = YES;
				CLANG_WARN_COMMA = YES;
				CLANG_WARN_CONSTANT_CONVERSION = YES;
				CLANG_WARN_DEPRECATED_OBJC_IMPLEMENTATIONS = YES;
				CLANG_WARN_DIRECT_OBJC_ISA_USAGE = YES_ERROR;
				CLANG_WARN_DOCUMENTATION_COMMENTS = YES;
				CLANG_WARN_EMPTY_BODY = YES;
				CLANG_WARN_ENUM_CONVERSION = YES;
				CLANG_WARN_INFINITE_RECURSION = YES;
				CLANG_WARN_INT_CONVERSION = YES;
				CLANG_WARN_NON_LITERAL_NULL_CONVERSION = YES;
				CLANG_WARN_OBJC_IMPLICIT_RETAIN_SELF = YES;
				CLANG_WARN_OBJC_LITERAL_CONVERSION = YES;
				CLANG_WARN_OBJC_ROOT_CLASS = YES_ERROR;
				CLANG_WARN_QUOTED_INCLUDE_IN_FRAMEWORK_HEADER = YES;
				CLANG_WARN_RANGE_LOOP_ANALYSIS = YES;
				CLANG_WARN_STRICT_PROTOTYPES = YES;
				CLANG_WARN_SUSPICIOUS_MOVE = YES;
				CLANG_WARN_UNGUARDED_AVAILABILITY = YES_AGGRESSIVE;
				CLANG_WARN_UNREACHABLE_CODE = YES;
				CLANG_WARN__DUPLICATE_METHOD_MATCH = YES;
				COPY_PHASE_STRIP = NO;
				DEBUG_INFORMATION_FORMAT = "dwarf-with-dsym";
				ENABLE_NS_ASSERTIONS = NO;
				ENABLE_STRICT_OBJC_MSGSEND = YES;
				GCC_C_LANGUAGE_STANDARD = gnu11;
				GCC_NO_COMMON_BLOCKS = YES;
				GCC_WARN_64_TO_32_BIT_CONVERSION = YES;
				GCC_WARN_ABOUT_RETURN_TYPE = YES_ERROR;
				GCC_WARN_UNDECLARED_SELECTOR = YES;
				GCC_WARN_UNINITIALIZED_AUTOS = YES_AGGRESSIVE;
				GCC_WARN_UNUSED_FUNCTION = YES;
				GCC_WARN_UNUSED_VARIABLE = YES;
				IPHONEOS_DEPLOYMENT_TARGET = 16.4;
				MTL_ENABLE_DEBUG_INFO = NO;
				MTL_FAST_MATH = YES;
				SDKROOT = iphoneos;
				SWIFT_COMPILATION_MODE = wholemodule;
				SWIFT_OPTIMIZATION_LEVEL = "-O";
				VALIDATE_PRODUCT = YES;
			};
			name = Release;
		};
		B8C9E2332A0CDCB00096F45D /* Debug */ = {
			isa = XCBuildConfiguration;
			buildSettings = {
				ASSETCATALOG_COMPILER_APPICON_NAME = AppIcon;
				ASSETCATALOG_COMPILER_GLOBAL_ACCENT_COLOR_NAME = AccentColor;
				CODE_SIGN_STYLE = Automatic;
				CURRENT_PROJECT_VERSION = 1;
				DEVELOPMENT_ASSET_PATHS = "\"TaskManager/Preview Content\"";
				DEVELOPMENT_TEAM = 335ANAU3W5;
				ENABLE_PREVIEWS = YES;
				GENERATE_INFOPLIST_FILE = YES;
				INFOPLIST_KEY_UIApplicationSceneManifest_Generation = YES;
				INFOPLIST_KEY_UIApplicationSupportsIndirectInputEvents = YES;
				INFOPLIST_KEY_UILaunchScreen_Generation = YES;
				INFOPLIST_KEY_UISupportedInterfaceOrientations_iPad = "UIInterfaceOrientationPortrait UIInterfaceOrientationPortraitUpsideDown UIInterfaceOrientationLandscapeLeft UIInterfaceOrientationLandscapeRight";
				INFOPLIST_KEY_UISupportedInterfaceOrientations_iPhone = "UIInterfaceOrientationPortrait UIInterfaceOrientationLandscapeLeft UIInterfaceOrientationLandscapeRight";
				LD_RUNPATH_SEARCH_PATHS = (
					"$(inherited)",
					"@executable_path/Frameworks",
				);
				MARKETING_VERSION = 1.0;
				PRODUCT_BUNDLE_IDENTIFIER = com.shirashiyani.TaskManager;
				PRODUCT_NAME = "$(TARGET_NAME)";
				SWIFT_EMIT_LOC_STRINGS = YES;
				SWIFT_VERSION = 5.0;
				TARGETED_DEVICE_FAMILY = "1,2";
			};
			name = Debug;
		};
		B8C9E2342A0CDCB00096F45D /* Release */ = {
			isa = XCBuildConfiguration;
			buildSettings = {
				ASSETCATALOG_COMPILER_APPICON_NAME = AppIcon;
				ASSETCATALOG_COMPILER_GLOBAL_ACCENT_COLOR_NAME = AccentColor;
				CODE_SIGN_STYLE = Automatic;
				CURRENT_PROJECT_VERSION = 1;
				DEVELOPMENT_ASSET_PATHS = "\"TaskManager/Preview Content\"";
				DEVELOPMENT_TEAM = 335ANAU3W5;
				ENABLE_PREVIEWS = YES;
				GENERATE_INFOPLIST_FILE = YES;
				INFOPLIST_KEY_UIApplicationSceneManifest_Generation = YES;
				INFOPLIST_KEY_UIApplicationSupportsIndirectInputEvents = YES;
				INFOPLIST_KEY_UILaunchScreen_Generation = YES;
				INFOPLIST_KEY_UISupportedInterfaceOrientations_iPad = "UIInterfaceOrientationPortrait UIInterfaceOrientationPortraitUpsideDown UIInterfaceOrientationLandscapeLeft UIInterfaceOrientationLandscapeRight";
				INFOPLIST_KEY_UISupportedInterfaceOrientations_iPhone = "UIInterfaceOrientationPortrait UIInterfaceOrientationLandscapeLeft UIInterfaceOrientationLandscapeRight";
				LD_RUNPATH_SEARCH_PATHS = (
					"$(inherited)",
					"@executable_path/Frameworks",
				);
				MARKETING_VERSION = 1.0;
				PRODUCT_BUNDLE_IDENTIFIER = com.shirashiyani.TaskManager;
				PRODUCT_NAME = "$(TARGET_NAME)";
				SWIFT_EMIT_LOC_STRINGS = YES;
				SWIFT_VERSION = 5.0;
				TARGETED_DEVICE_FAMILY = "1,2";
			};
			name = Release;
		};
		B8C9E2362A0CDCB00096F45D /* Debug */ = {
			isa = XCBuildConfiguration;
			buildSettings = {
				ALWAYS_EMBED_SWIFT_STANDARD_LIBRARIES = YES;
				BUNDLE_LOADER = "$(TEST_HOST)";
				CODE_SIGN_STYLE = Automatic;
				CURRENT_PROJECT_VERSION = 1;
				DEVELOPMENT_TEAM = 335ANAU3W5;
				GENERATE_INFOPLIST_FILE = YES;
				IPHONEOS_DEPLOYMENT_TARGET = 16.4;
				MARKETING_VERSION = 1.0;
				PRODUCT_BUNDLE_IDENTIFIER = com.shirashiyani.TaskManagerTests;
				PRODUCT_NAME = "$(TARGET_NAME)";
				SWIFT_EMIT_LOC_STRINGS = NO;
				SWIFT_VERSION = 5.0;
				TARGETED_DEVICE_FAMILY = "1,2";
				TEST_HOST = "$(BUILT_PRODUCTS_DIR)/TaskManager.app/$(BUNDLE_EXECUTABLE_FOLDER_PATH)/TaskManager";
			};
			name = Debug;
		};
		B8C9E2372A0CDCB00096F45D /* Release */ = {
			isa = XCBuildConfiguration;
			buildSettings = {
				ALWAYS_EMBED_SWIFT_STANDARD_LIBRARIES = YES;
				BUNDLE_LOADER = "$(TEST_HOST)";
				CODE_SIGN_STYLE = Automatic;
				CURRENT_PROJECT_VERSION = 1;
				DEVELOPMENT_TEAM = 335ANAU3W5;
				GENERATE_INFOPLIST_FILE = YES;
				IPHONEOS_DEPLOYMENT_TARGET = 16.4;
				MARKETING_VERSION = 1.0;
				PRODUCT_BUNDLE_IDENTIFIER = com.shirashiyani.TaskManagerTests;
				PRODUCT_NAME = "$(TARGET_NAME)";
				SWIFT_EMIT_LOC_STRINGS = NO;
				SWIFT_VERSION = 5.0;
				TARGETED_DEVICE_FAMILY = "1,2";
				TEST_HOST = "$(BUILT_PRODUCTS_DIR)/TaskManager.app/$(BUNDLE_EXECUTABLE_FOLDER_PATH)/TaskManager";
			};
			name = Release;
		};
		B8C9E2392A0CDCB00096F45D /* Debug */ = {
			isa = XCBuildConfiguration;
			buildSettings = {
				ALWAYS_EMBED_SWIFT_STANDARD_LIBRARIES = YES;
				CODE_SIGN_STYLE = Automatic;
				CURRENT_PROJECT_VERSION = 1;
				DEVELOPMENT_TEAM = 335ANAU3W5;
				GENERATE_INFOPLIST_FILE = YES;
				MARKETING_VERSION = 1.0;
				PRODUCT_BUNDLE_IDENTIFIER = com.shirashiyani.TaskManagerUITests;
				PRODUCT_NAME = "$(TARGET_NAME)";
				SWIFT_EMIT_LOC_STRINGS = NO;
				SWIFT_VERSION = 5.0;
				TARGETED_DEVICE_FAMILY = "1,2";
				TEST_TARGET_NAME = TaskManager;
			};
			name = Debug;
		};
		B8C9E23A2A0CDCB00096F45D /* Release */ = {
			isa = XCBuildConfiguration;
			buildSettings = {
				ALWAYS_EMBED_SWIFT_STANDARD_LIBRARIES = YES;
				CODE_SIGN_STYLE = Automatic;
				CURRENT_PROJECT_VERSION = 1;
				DEVELOPMENT_TEAM = 335ANAU3W5;
				GENERATE_INFOPLIST_FILE = YES;
				MARKETING_VERSION = 1.0;
				PRODUCT_BUNDLE_IDENTIFIER = com.shirashiyani.TaskManagerUITests;
				PRODUCT_NAME = "$(TARGET_NAME)";
				SWIFT_EMIT_LOC_STRINGS = NO;
				SWIFT_VERSION = 5.0;
				TARGETED_DEVICE_FAMILY = "1,2";
				TEST_TARGET_NAME = TaskManager;
			};
			name = Release;
		};
/* End XCBuildConfiguration section */

/* Begin XCConfigurationList section */
		B8C9E2092A0CDCAE0096F45D /* Build configuration list for PBXProject "TaskManager" */ = {
			isa = XCConfigurationList;
			buildConfigurations = (
				B8C9E2302A0CDCB00096F45D /* Debug */,
				B8C9E2312A0CDCB00096F45D /* Release */,
			);
			defaultConfigurationIsVisible = 0;
			defaultConfigurationName = Release;
		};
		B8C9E2322A0CDCB00096F45D /* Build configuration list for PBXNativeTarget "TaskManager" */ = {
			isa = XCConfigurationList;
			buildConfigurations = (
				B8C9E2332A0CDCB00096F45D /* Debug */,
				B8C9E2342A0CDCB00096F45D /* Release */,
			);
			defaultConfigurationIsVisible = 0;
			defaultConfigurationName = Release;
		};
		B8C9E2352A0CDCB00096F45D /* Build configuration list for PBXNativeTarget "TaskManagerTests" */ = {
			isa = XCConfigurationList;
			buildConfigurations = (
				B8C9E2362A0CDCB00096F45D /* Debug */,
				B8C9E2372A0CDCB00096F45D /* Release */,
			);
			defaultConfigurationIsVisible = 0;
			defaultConfigurationName = Release;
		};
		B8C9E2382A0CDCB00096F45D /* Build configuration list for PBXNativeTarget "TaskManagerUITests" */ = {
			isa = XCConfigurationList;
			buildConfigurations = (
				B8C9E2392A0CDCB00096F45D /* Debug */,
				B8C9E23A2A0CDCB00096F45D /* Release */,
			);
			defaultConfigurationIsVisible = 0;
			defaultConfigurationName = Release;
		};
/* End XCConfigurationList section */
	};
	rootObject = B8C9E2062A0CDCAE0096F45D /* Project object */;
}
